<?xml version="1.0" encoding="UTF-8" standalone="yes" ?>
<CodeBlocks_project_file>
	<FileVersion major="1" minor="6" />
	<Project>
		<Option title="Machine Learning Algorithms" />
		<Option pch_mode="2" />
		<Option compiler="gcc" />
		<Build>
			<Target title="Release">
				<Option output="~/Desktop/bin/Machine_Learning_Algorithms" prefix_auto="1" extension_auto="1" />
				<Option object_output="~/Desktop/obj/" />
				<Option type="1" />
				<Option compiler="gcc" />
				<Compiler>
					<Add option="-O2" />
					<Add option="-pedantic" />
					<Add option="-Wextra" />
					<Add option="-Wall" />
					<Add option="-std=c++1z" />
					<Add option="-m64" />
				</Compiler>
				<Linker>
					<Add option="-s" />
					<Add option="-m64" />
					<Add option="-pthread" />
					<Add option="-lstdc++fs" />
				</Linker>
			</Target>
		</Build>
		<Compiler>
			<Add option="-Wall" />
			<Add option="-fexceptions" />
		</Compiler>
		<Unit filename="Back_Propagation/Neural_Network_T2_TrainingData.txt" />
		<Unit filename="Genetic/Genetic.cpp" />
		<Unit filename="Genetic/Genetic.h" />
		<Unit filename="Genetic/Genetic_DNA.cpp" />
		<Unit filename="Genetic/Genetic_DNA.h" />
		<Unit filename="Genetic/Genetic_run.cpp" />
		<Unit filename="KNN/KNN_Class.cpp" />
		<Unit filename="KNN/KNN_Class.h" />
		<Unit filename="KNN/KNN_Element.h" />
		<Unit filename="KNN/KNN_ReadElements.cpp" />
		<Unit filename="KNN/KNN_ReadElements.h" />
		<Unit filename="KNN/KNN_run.cpp" />
		<Unit filename="KNN/knn_Data2Test.txt" />
		<Unit filename="KNN/knn_DataBase.txt" />
		<Unit filename="Main.cpp" />
		<Unit filename="NeuralNetwork_Eta_Momentum/Neural_Network.cpp" />
		<Unit filename="NeuralNetwork_Eta_Momentum/Neural_Network.h" />
		<Unit filename="NeuralNetwork_Eta_Momentum/Neural_Network_Synapses.cpp" />
		<Unit filename="NeuralNetwork_Eta_Momentum/Neural_Network_Synapses.h" />
		<Unit filename="NeuralNetwork_Eta_Momentum/Neural_Network_run.cpp" />
		<Unit filename="NeuralNetwork_Gradient_Descent/Neural_Network_T2.cpp" />
		<Unit filename="NeuralNetwork_Gradient_Descent/Neural_Network_T2.h" />
		<Unit filename="NeuralNetwork_Gradient_Descent/Neural_Network_T2_Run.cpp" />
		<Unit filename="NeuralNetwork_Gradient_Descent/Neural_Network_T2_TrainingData.cpp" />
		<Unit filename="NeuralNetwork_Gradient_Descent/Neural_Network_T2_TrainingData.h" />
		<Unit filename="NeuralNetwork_Gradient_Descent/Neural_Network_T2_TrainingData.txt" />
		<Unit filename="Neuron/Neuron.cpp" />
		<Unit filename="Neuron/Neuron.h" />
		<Unit filename="Neuron/Neuron_Net.cpp" />
		<Unit filename="Neuron/Neuron_Net.h" />
		<Unit filename="Neuron/Neuron_Net_T2.cpp" />
		<Unit filename="Neuron/Neuron_Net_T2.h" />
		<Unit filename="Neuron/Neuron_Net_T2_Nucleus.cpp" />
		<Unit filename="Neuron/Neuron_Perceptron.cpp" />
		<Unit filename="Neuron/Neuron_Perceptron.h" />
		<Unit filename="Perceptron/Linear_Function.png" />
		<Unit filename="Perceptron/Perceptron.cpp" />
		<Unit filename="Perceptron/Perceptron.h" />
		<Unit filename="Perceptron/Perceptron_run.cpp" />
		<Unit filename="Perceptron/Perceptron_run_Functions.cpp" />
		<Unit filename="Perceptron/Perceptron_run_Functions.h" />
		<Unit filename="_lib_/Abort.cpp" />
		<Unit filename="_lib_/Abort.h" />
		<Unit filename="_lib_/Ask.cpp" />
		<Unit filename="_lib_/Ask.h" />
		<Unit filename="_lib_/Ask_Menu.cpp" />
		<Unit filename="_lib_/Ask_Menu.h" />
		<Extensions>
			<code_completion />
			<debugger />
			<envvars />
		</Extensions>
	</Project>
</CodeBlocks_project_file>
